
Microsoft Visual Studio Solution File, Format Version 12.00
# Visual Studio Version 16
VisualStudioVersion = 16.0.30611.23
MinimumVisualStudioVersion = 10.0.40219.1
Project("{FAE04EC0-301F-11D3-BF4B-00C04F79EFBC}") = "Milkshake", "Milkshake\Milkshake.csproj", "{9403CB0D-FCA7-4D5E-AAB1-F81C0B5646FB}"
EndProject
Global
	GlobalSection(SolutionConfigurationPlatforms) = preSolution
		Debug|Any CPU = Debug|Any CPU
		Release|Any CPU = Release|Any CPU
	EndGlobalSection
	GlobalSection(ProjectConfigurationPlatforms) = postSolution
		{9403CB0D-FCA7-4D5E-AAB1-F81C0B5646FB}.Debug|Any CPU.ActiveCfg = Debug|Any CPU
		{9403CB0D-FCA7-4D5E-AAB1-F81C0B5646FB}.Debug|Any CPU.Build.0 = Debug|Any CPU
		{9403CB0D-FCA7-4D5E-AAB1-F81C0B5646FB}.Release|Any CPU.ActiveCfg = Release|Any CPU
		{9403CB0D-FCA7-4D5E-AAB1-F81C0B5646FB}.Release|Any CPU.Build.0 = Release|Any CPU
	EndGlobalSection
	GlobalSection(SolutionProperties) = preSolution
		HideSolutionNode = FALSE
	EndGlobalSection
	GlobalSection(ExtensibilityGlobals) = postSolution
		SolutionGuid = {1644F547-593A-4166-A8B2-F9DEDA715C92}
	EndGlobalSection
EndGlobal
